// !$*UTF8*$!
{
	archiveVersion = 1;
	classes = {
	};
	objectVersion = 46;
	objects = {

/* Begin PBXBuildFile section */
		458B4ED21B34B24B007CBDD2 /* test3.png in Resources */ = {isa = PBXBuildFile; fileRef = 458B4ECF1B34B24B007CBDD2 /* test3.png */; };
		458B4ED31B34B24B007CBDD2 /* test3.swf in Resources */ = {isa = PBXBuildFile; fileRef = 458B4ED01B34B24B007CBDD2 /* test3.swf */; };
		458B4ED41B34B24B007CBDD2 /* test3.xml in Resources */ = {isa = PBXBuildFile; fileRef = 458B4ED11B34B24B007CBDD2 /* test3.xml */; };
		458B4EE21B34B26A007CBDD2 /* FLMPAtlas.m in Sources */ = {isa = PBXBuildFile; fileRef = 458B4ED71B34B26A007CBDD2 /* FLMPAtlas.m */; };
		458B4EE31B34B26A007CBDD2 /* FLMPExport.m in Sources */ = {isa = PBXBuildFile; fileRef = 458B4ED91B34B26A007CBDD2 /* FLMPExport.m */; };
		458B4EE41B34B26A007CBDD2 /* FLMPKeyframe.m in Sources */ = {isa = PBXBuildFile; fileRef = 458B4EDB1B34B26A007CBDD2 /* FLMPKeyframe.m */; };
		458B4EE51B34B26A007CBDD2 /* FLMPLayer.m in Sources */ = {isa = PBXBuildFile; fileRef = 458B4EDD1B34B26A007CBDD2 /* FLMPLayer.m */; };
		458B4EE61B34B26A007CBDD2 /* FLMPMovie.m in Sources */ = {isa = PBXBuildFile; fileRef = 458B4EDF1B34B26A007CBDD2 /* FLMPMovie.m */; };
		458B4EE71B34B26A007CBDD2 /* FLMPTexture.m in Sources */ = {isa = PBXBuildFile; fileRef = 458B4EE11B34B26A007CBDD2 /* FLMPTexture.m */; };
		458B4EEC1B34B27D007CBDD2 /* FLMPView.m in Sources */ = {isa = PBXBuildFile; fileRef = 458B4EEB1B34B27D007CBDD2 /* FLMPView.m */; };
		458B4EEF1B34BC41007CBDD2 /* FLMPUIAtlas.m in Sources */ = {isa = PBXBuildFile; fileRef = 458B4EEE1B34BC41007CBDD2 /* FLMPUIAtlas.m */; };
		458B4EF21B34C03F007CBDD2 /* APPSparrowViewController.m in Sources */ = {isa = PBXBuildFile; fileRef = 458B4EF11B34C03F007CBDD2 /* APPSparrowViewController.m */; };
		458B4EF51B34C795007CBDD2 /* FLMPSPAtlas.m in Sources */ = {isa = PBXBuildFile; fileRef = 458B4EF41B34C795007CBDD2 /* FLMPSPAtlas.m */; };
		458B4EF81B34CAB0007CBDD2 /* FLMPSPDisplayObject.m in Sources */ = {isa = PBXBuildFile; fileRef = 458B4EF71B34CAB0007CBDD2 /* FLMPSPDisplayObject.m */; };
		45999B031AE344B100EA1BEC /* main.m in Sources */ = {isa = PBXBuildFile; fileRef = 45999B021AE344B100EA1BEC /* main.m */; };
		45999B0E1AE344B100EA1BEC /* Images.xcassets in Resources */ = {isa = PBXBuildFile; fileRef = 45999B0D1AE344B100EA1BEC /* Images.xcassets */; };
		45999B1D1AE344B100EA1BEC /* FlumpExampleTests.m in Sources */ = {isa = PBXBuildFile; fileRef = 45999B1C1AE344B100EA1BEC /* FlumpExampleTests.m */; };
		45999B451AE3451800EA1BEC /* Default-568h@2x.png in Resources */ = {isa = PBXBuildFile; fileRef = 45999B271AE3451800EA1BEC /* Default-568h@2x.png */; };
		45999B4E1AE3451800EA1BEC /* AppDelegate.m in Sources */ = {isa = PBXBuildFile; fileRef = 45999B351AE3451800EA1BEC /* AppDelegate.m */; };
		45999B4F1AE3451800EA1BEC /* APPViewController.m in Sources */ = {isa = PBXBuildFile; fileRef = 45999B371AE3451800EA1BEC /* APPViewController.m */; };
		45999B501AE3451800EA1BEC /* APPViewController.xib in Resources */ = {isa = PBXBuildFile; fileRef = 45999B381AE3451800EA1BEC /* APPViewController.xib */; };
		67DBE0D171DAB37C81015A55 /* libPods.a in Frameworks */ = {isa = PBXBuildFile; fileRef = 952B6851C9DEFBCC41236AA4 /* libPods.a */; };
/* End PBXBuildFile section */

/* Begin PBXContainerItemProxy section */
		45999B171AE344B100EA1BEC /* PBXContainerItemProxy */ = {
			isa = PBXContainerItemProxy;
			containerPortal = 45999AF51AE344B100EA1BEC /* Project object */;
			proxyType = 1;
			remoteGlobalIDString = 45999AFC1AE344B100EA1BEC;
			remoteInfo = FlumpExample;
		};
/* End PBXContainerItemProxy section */

/* Begin PBXFileReference section */
		458B4ECF1B34B24B007CBDD2 /* test3.png */ = {isa = PBXFileReference; lastKnownFileType = image.png; path = test3.png; sourceTree = "<group>"; };
		458B4ED01B34B24B007CBDD2 /* test3.swf */ = {isa = PBXFileReference; lastKnownFileType = file; path = test3.swf; sourceTree = "<group>"; };
		458B4ED11B34B24B007CBDD2 /* test3.xml */ = {isa = PBXFileReference; fileEncoding = 4; lastKnownFileType = text.xml; path = test3.xml; sourceTree = "<group>"; };
		458B4ED61B34B26A007CBDD2 /* FLMPAtlas.h */ = {isa = PBXFileReference; fileEncoding = 4; lastKnownFileType = sourcecode.c.h; path = FLMPAtlas.h; sourceTree = "<group>"; };
		458B4ED71B34B26A007CBDD2 /* FLMPAtlas.m */ = {isa = PBXFileReference; fileEncoding = 4; lastKnownFileType = sourcecode.c.objc; path = FLMPAtlas.m; sourceTree = "<group>"; };
		458B4ED81B34B26A007CBDD2 /* FLMPExport.h */ = {isa = PBXFileReference; fileEncoding = 4; lastKnownFileType = sourcecode.c.h; path = FLMPExport.h; sourceTree = "<group>"; };
		458B4ED91B34B26A007CBDD2 /* FLMPExport.m */ = {isa = PBXFileReference; fileEncoding = 4; lastKnownFileType = sourcecode.c.objc; path = FLMPExport.m; sourceTree = "<group>"; };
		458B4EDA1B34B26A007CBDD2 /* FLMPKeyframe.h */ = {isa = PBXFileReference; fileEncoding = 4; lastKnownFileType = sourcecode.c.h; path = FLMPKeyframe.h; sourceTree = "<group>"; };
		458B4EDB1B34B26A007CBDD2 /* FLMPKeyframe.m */ = {isa = PBXFileReference; fileEncoding = 4; lastKnownFileType = sourcecode.c.objc; path = FLMPKeyframe.m; sourceTree = "<group>"; };
		458B4EDC1B34B26A007CBDD2 /* FLMPLayer.h */ = {isa = PBXFileReference; fileEncoding = 4; lastKnownFileType = sourcecode.c.h; path = FLMPLayer.h; sourceTree = "<group>"; };
		458B4EDD1B34B26A007CBDD2 /* FLMPLayer.m */ = {isa = PBXFileReference; fileEncoding = 4; lastKnownFileType = sourcecode.c.objc; path = FLMPLayer.m; sourceTree = "<group>"; };
		458B4EDE1B34B26A007CBDD2 /* FLMPMovie.h */ = {isa = PBXFileReference; fileEncoding = 4; lastKnownFileType = sourcecode.c.h; path = FLMPMovie.h; sourceTree = "<group>"; };
		458B4EDF1B34B26A007CBDD2 /* FLMPMovie.m */ = {isa = PBXFileReference; fileEncoding = 4; lastKnownFileType = sourcecode.c.objc; path = FLMPMovie.m; sourceTree = "<group>"; };
		458B4EE01B34B26A007CBDD2 /* FLMPTexture.h */ = {isa = PBXFileReference; fileEncoding = 4; lastKnownFileType = sourcecode.c.h; path = FLMPTexture.h; sourceTree = "<group>"; };
		458B4EE11B34B26A007CBDD2 /* FLMPTexture.m */ = {isa = PBXFileReference; fileEncoding = 4; lastKnownFileType = sourcecode.c.objc; path = FLMPTexture.m; sourceTree = "<group>"; };
		458B4EEA1B34B27D007CBDD2 /* FLMPView.h */ = {isa = PBXFileReference; fileEncoding = 4; lastKnownFileType = sourcecode.c.h; path = FLMPView.h; sourceTree = "<group>"; };
		458B4EEB1B34B27D007CBDD2 /* FLMPView.m */ = {isa = PBXFileReference; fileEncoding = 4; lastKnownFileType = sourcecode.c.objc; path = FLMPView.m; sourceTree = "<group>"; };
		458B4EED1B34BC41007CBDD2 /* FLMPUIAtlas.h */ = {isa = PBXFileReference; fileEncoding = 4; lastKnownFileType = sourcecode.c.h; path = FLMPUIAtlas.h; sourceTree = "<group>"; };
		458B4EEE1B34BC41007CBDD2 /* FLMPUIAtlas.m */ = {isa = PBXFileReference; fileEncoding = 4; lastKnownFileType = sourcecode.c.objc; path = FLMPUIAtlas.m; sourceTree = "<group>"; };
		458B4EF01B34C03F007CBDD2 /* APPSparrowViewController.h */ = {isa = PBXFileReference; fileEncoding = 4; lastKnownFileType = sourcecode.c.h; path = APPSparrowViewController.h; sourceTree = "<group>"; };
		458B4EF11B34C03F007CBDD2 /* APPSparrowViewController.m */ = {isa = PBXFileReference; fileEncoding = 4; lastKnownFileType = sourcecode.c.objc; path = APPSparrowViewController.m; sourceTree = "<group>"; };
		458B4EF31B34C795007CBDD2 /* FLMPSPAtlas.h */ = {isa = PBXFileReference; fileEncoding = 4; lastKnownFileType = sourcecode.c.h; path = FLMPSPAtlas.h; sourceTree = "<group>"; };
		458B4EF41B34C795007CBDD2 /* FLMPSPAtlas.m */ = {isa = PBXFileReference; fileEncoding = 4; lastKnownFileType = sourcecode.c.objc; path = FLMPSPAtlas.m; sourceTree = "<group>"; };
		458B4EF61B34CAB0007CBDD2 /* FLMPSPDisplayObject.h */ = {isa = PBXFileReference; fileEncoding = 4; lastKnownFileType = sourcecode.c.h; path = FLMPSPDisplayObject.h; sourceTree = "<group>"; };
		458B4EF71B34CAB0007CBDD2 /* FLMPSPDisplayObject.m */ = {isa = PBXFileReference; fileEncoding = 4; lastKnownFileType = sourcecode.c.objc; path = FLMPSPDisplayObject.m; sourceTree = "<group>"; };
		45999AFD1AE344B100EA1BEC /* FlumpExample.app */ = {isa = PBXFileReference; explicitFileType = wrapper.application; includeInIndex = 0; path = FlumpExample.app; sourceTree = BUILT_PRODUCTS_DIR; };
		45999B011AE344B100EA1BEC /* Info.plist */ = {isa = PBXFileReference; lastKnownFileType = text.plist.xml; path = Info.plist; sourceTree = "<group>"; };
		45999B021AE344B100EA1BEC /* main.m */ = {isa = PBXFileReference; lastKnownFileType = sourcecode.c.objc; path = main.m; sourceTree = "<group>"; };
		45999B0D1AE344B100EA1BEC /* Images.xcassets */ = {isa = PBXFileReference; lastKnownFileType = folder.assetcatalog; path = Images.xcassets; sourceTree = "<group>"; };
		45999B161AE344B100EA1BEC /* FlumpExampleTests.xctest */ = {isa = PBXFileReference; explicitFileType = wrapper.cfbundle; includeInIndex = 0; path = FlumpExampleTests.xctest; sourceTree = BUILT_PRODUCTS_DIR; };
		45999B1B1AE344B100EA1BEC /* Info.plist */ = {isa = PBXFileReference; lastKnownFileType = text.plist.xml; path = Info.plist; sourceTree = "<group>"; };
		45999B1C1AE344B100EA1BEC /* FlumpExampleTests.m */ = {isa = PBXFileReference; lastKnownFileType = sourcecode.c.objc; path = FlumpExampleTests.m; sourceTree = "<group>"; };
		45999B271AE3451800EA1BEC /* Default-568h@2x.png */ = {isa = PBXFileReference; lastKnownFileType = image.png; path = "Default-568h@2x.png"; sourceTree = "<group>"; };
		45999B341AE3451800EA1BEC /* AppDelegate.h */ = {isa = PBXFileReference; fileEncoding = 4; lastKnownFileType = sourcecode.c.h; path = AppDelegate.h; sourceTree = "<group>"; };
		45999B351AE3451800EA1BEC /* AppDelegate.m */ = {isa = PBXFileReference; fileEncoding = 4; lastKnownFileType = sourcecode.c.objc; path = AppDelegate.m; sourceTree = "<group>"; };
		45999B361AE3451800EA1BEC /* APPViewController.h */ = {isa = PBXFileReference; fileEncoding = 4; lastKnownFileType = sourcecode.c.h; path = APPViewController.h; sourceTree = "<group>"; };
		45999B371AE3451800EA1BEC /* APPViewController.m */ = {isa = PBXFileReference; fileEncoding = 4; lastKnownFileType = sourcecode.c.objc; path = APPViewController.m; sourceTree = "<group>"; };
		45999B381AE3451800EA1BEC /* APPViewController.xib */ = {isa = PBXFileReference; fileEncoding = 4; lastKnownFileType = file.xib; path = APPViewController.xib; sourceTree = "<group>"; };
		5EC4A8794A44D4497BA70B48 /* Pods.release.xcconfig */ = {isa = PBXFileReference; includeInIndex = 1; lastKnownFileType = text.xcconfig; name = Pods.release.xcconfig; path = "Pods/Target Support Files/Pods/Pods.release.xcconfig"; sourceTree = "<group>"; };
		952B6851C9DEFBCC41236AA4 /* libPods.a */ = {isa = PBXFileReference; explicitFileType = archive.ar; includeInIndex = 0; path = libPods.a; sourceTree = BUILT_PRODUCTS_DIR; };
		E77D52720C24D6B0D83EC266 /* Pods.debug.xcconfig */ = {isa = PBXFileReference; includeInIndex = 1; lastKnownFileType = text.xcconfig; name = Pods.debug.xcconfig; path = "Pods/Target Support Files/Pods/Pods.debug.xcconfig"; sourceTree = "<group>"; };
/* End PBXFileReference section */

/* Begin PBXFrameworksBuildPhase section */
		45999AFA1AE344B100EA1BEC /* Frameworks */ = {
			isa = PBXFrameworksBuildPhase;
			buildActionMask = 2147483647;
			files = (
				67DBE0D171DAB37C81015A55 /* libPods.a in Frameworks */,
			);
			runOnlyForDeploymentPostprocessing = 0;
		};
		45999B131AE344B100EA1BEC /* Frameworks */ = {
			isa = PBXFrameworksBuildPhase;
			buildActionMask = 2147483647;
			files = (
			);
			runOnlyForDeploymentPostprocessing = 0;
		};
/* End PBXFrameworksBuildPhase section */

/* Begin PBXGroup section */
		458B4ED51B34B26A007CBDD2 /* export */ = {
			isa = PBXGroup;
			children = (
				458B4ED61B34B26A007CBDD2 /* FLMPAtlas.h */,
				458B4ED71B34B26A007CBDD2 /* FLMPAtlas.m */,
				458B4ED81B34B26A007CBDD2 /* FLMPExport.h */,
				458B4ED91B34B26A007CBDD2 /* FLMPExport.m */,
				458B4EDA1B34B26A007CBDD2 /* FLMPKeyframe.h */,
				458B4EDB1B34B26A007CBDD2 /* FLMPKeyframe.m */,
				458B4EDC1B34B26A007CBDD2 /* FLMPLayer.h */,
				458B4EDD1B34B26A007CBDD2 /* FLMPLayer.m */,
				458B4EDE1B34B26A007CBDD2 /* FLMPMovie.h */,
				458B4EDF1B34B26A007CBDD2 /* FLMPMovie.m */,
				458B4EE01B34B26A007CBDD2 /* FLMPTexture.h */,
				458B4EE11B34B26A007CBDD2 /* FLMPTexture.m */,
			);
			path = export;
			sourceTree = "<group>";
		};
		458B4EE81B34B27D007CBDD2 /* sparrow */ = {
			isa = PBXGroup;
			children = (
				458B4EF31B34C795007CBDD2 /* FLMPSPAtlas.h */,
				458B4EF41B34C795007CBDD2 /* FLMPSPAtlas.m */,
				458B4EF61B34CAB0007CBDD2 /* FLMPSPDisplayObject.h */,
				458B4EF71B34CAB0007CBDD2 /* FLMPSPDisplayObject.m */,
			);
			path = sparrow;
			sourceTree = "<group>";
		};
		458B4EE91B34B27D007CBDD2 /* uikit */ = {
			isa = PBXGroup;
			children = (
				458B4EED1B34BC41007CBDD2 /* FLMPUIAtlas.h */,
				458B4EEE1B34BC41007CBDD2 /* FLMPUIAtlas.m */,
				458B4EEA1B34B27D007CBDD2 /* FLMPView.h */,
				458B4EEB1B34B27D007CBDD2 /* FLMPView.m */,
			);
			path = uikit;
			sourceTree = "<group>";
		};
		45999AF41AE344B100EA1BEC = {
			isa = PBXGroup;
			children = (
				45999AFF1AE344B100EA1BEC /* FlumpExample */,
				45999B191AE344B100EA1BEC /* FlumpExampleTests */,
				45999AFE1AE344B100EA1BEC /* Products */,
				F62CF9670AC21A35FB134050 /* Pods */,
				C01401D4169434EC72A29871 /* Frameworks */,
			);
			sourceTree = "<group>";
		};
		45999AFE1AE344B100EA1BEC /* Products */ = {
			isa = PBXGroup;
			children = (
				45999AFD1AE344B100EA1BEC /* FlumpExample.app */,
				45999B161AE344B100EA1BEC /* FlumpExampleTests.xctest */,
			);
			name = Products;
			sourceTree = "<group>";
		};
		45999AFF1AE344B100EA1BEC /* FlumpExample */ = {
			isa = PBXGroup;
			children = (
				45999B261AE3451800EA1BEC /* assets */,
				45999B331AE3451800EA1BEC /* Classes */,
				45999B0D1AE344B100EA1BEC /* Images.xcassets */,
				45999B001AE344B100EA1BEC /* Supporting Files */,
			);
			path = FlumpExample;
			sourceTree = "<group>";
		};
		45999B001AE344B100EA1BEC /* Supporting Files */ = {
			isa = PBXGroup;
			children = (
				45999B011AE344B100EA1BEC /* Info.plist */,
				45999B021AE344B100EA1BEC /* main.m */,
			);
			name = "Supporting Files";
			sourceTree = "<group>";
		};
		45999B191AE344B100EA1BEC /* FlumpExampleTests */ = {
			isa = PBXGroup;
			children = (
				45999B1C1AE344B100EA1BEC /* FlumpExampleTests.m */,
				45999B1A1AE344B100EA1BEC /* Supporting Files */,
			);
			path = FlumpExampleTests;
			sourceTree = "<group>";
		};
		45999B1A1AE344B100EA1BEC /* Supporting Files */ = {
			isa = PBXGroup;
			children = (
				45999B1B1AE344B100EA1BEC /* Info.plist */,
			);
			name = "Supporting Files";
			sourceTree = "<group>";
		};
		45999B261AE3451800EA1BEC /* assets */ = {
			isa = PBXGroup;
			children = (
				458B4ECF1B34B24B007CBDD2 /* test3.png */,
				458B4ED01B34B24B007CBDD2 /* test3.swf */,
				458B4ED11B34B24B007CBDD2 /* test3.xml */,
				45999B271AE3451800EA1BEC /* Default-568h@2x.png */,
			);
			path = assets;
			sourceTree = "<group>";
		};
		45999B331AE3451800EA1BEC /* Classes */ = {
			isa = PBXGroup;
			children = (
				45999B341AE3451800EA1BEC /* AppDelegate.h */,
				45999B351AE3451800EA1BEC /* AppDelegate.m */,
				458B4EF01B34C03F007CBDD2 /* APPSparrowViewController.h */,
				458B4EF11B34C03F007CBDD2 /* APPSparrowViewController.m */,
				45999B361AE3451800EA1BEC /* APPViewController.h */,
				45999B371AE3451800EA1BEC /* APPViewController.m */,
				45999B381AE3451800EA1BEC /* APPViewController.xib */,
				45999B391AE3451800EA1BEC /* flump */,
			);
			path = Classes;
			sourceTree = "<group>";
		};
		45999B391AE3451800EA1BEC /* flump */ = {
			isa = PBXGroup;
			children = (
				458B4ED51B34B26A007CBDD2 /* export */,
				458B4EE81B34B27D007CBDD2 /* sparrow */,
				458B4EE91B34B27D007CBDD2 /* uikit */,
			);
			path = flump;
			sourceTree = "<group>";
		};
		C01401D4169434EC72A29871 /* Frameworks */ = {
			isa = PBXGroup;
			children = (
				952B6851C9DEFBCC41236AA4 /* libPods.a */,
			);
			name = Frameworks;
			sourceTree = "<group>";
		};
		F62CF9670AC21A35FB134050 /* Pods */ = {
			isa = PBXGroup;
			children = (
				E77D52720C24D6B0D83EC266 /* Pods.debug.xcconfig */,
				5EC4A8794A44D4497BA70B48 /* Pods.release.xcconfig */,
			);
			name = Pods;
			sourceTree = "<group>";
		};
/* End PBXGroup section */

/* Begin PBXNativeTarget section */
		45999AFC1AE344B100EA1BEC /* FlumpExample */ = {
			isa = PBXNativeTarget;
			buildConfigurationList = 45999B201AE344B100EA1BEC /* Build configuration list for PBXNativeTarget "FlumpExample" */;
			buildPhases = (
				203CC15A60A73F18B421FAF6 /* Check Pods Manifest.lock */,
				45999AF91AE344B100EA1BEC /* Sources */,
				45999AFA1AE344B100EA1BEC /* Frameworks */,
				45999AFB1AE344B100EA1BEC /* Resources */,
				FA8696AEFA74DE150BBD0C1D /* Copy Pods Resources */,
			);
			buildRules = (
			);
			dependencies = (
			);
			name = FlumpExample;
			productName = FlumpExample;
			productReference = 45999AFD1AE344B100EA1BEC /* FlumpExample.app */;
			productType = "com.apple.product-type.application";
		};
		45999B151AE344B100EA1BEC /* FlumpExampleTests */ = {
			isa = PBXNativeTarget;
			buildConfigurationList = 45999B231AE344B100EA1BEC /* Build configuration list for PBXNativeTarget "FlumpExampleTests" */;
			buildPhases = (
				45999B121AE344B100EA1BEC /* Sources */,
				45999B131AE344B100EA1BEC /* Frameworks */,
				45999B141AE344B100EA1BEC /* Resources */,
			);
			buildRules = (
			);
			dependencies = (
				45999B181AE344B100EA1BEC /* PBXTargetDependency */,
			);
			name = FlumpExampleTests;
			productName = FlumpExampleTests;
			productReference = 45999B161AE344B100EA1BEC /* FlumpExampleTests.xctest */;
			productType = "com.apple.product-type.bundle.unit-test";
		};
/* End PBXNativeTarget section */

/* Begin PBXProject section */
		45999AF51AE344B100EA1BEC /* Project object */ = {
			isa = PBXProject;
			attributes = {
				LastUpgradeCheck = 0620;
				ORGANIZATIONNAME = "Levi Eggert";
				TargetAttributes = {
					45999AFC1AE344B100EA1BEC = {
						CreatedOnToolsVersion = 6.2;
					};
					45999B151AE344B100EA1BEC = {
						CreatedOnToolsVersion = 6.2;
						TestTargetID = 45999AFC1AE344B100EA1BEC;
					};
				};
			};
			buildConfigurationList = 45999AF81AE344B100EA1BEC /* Build configuration list for PBXProject "FlumpExample" */;
			compatibilityVersion = "Xcode 3.2";
			developmentRegion = English;
			hasScannedForEncodings = 0;
			knownRegions = (
				en,
				Base,
			);
			mainGroup = 45999AF41AE344B100EA1BEC;
			productRefGroup = 45999AFE1AE344B100EA1BEC /* Products */;
			projectDirPath = "";
			projectRoot = "";
			targets = (
				45999AFC1AE344B100EA1BEC /* FlumpExample */,
				45999B151AE344B100EA1BEC /* FlumpExampleTests */,
			);
		};
/* End PBXProject section */

/* Begin PBXResourcesBuildPhase section */
		45999AFB1AE344B100EA1BEC /* Resources */ = {
			isa = PBXResourcesBuildPhase;
			buildActionMask = 2147483647;
			files = (
				45999B0E1AE344B100EA1BEC /* Images.xcassets in Resources */,
				458B4ED31B34B24B007CBDD2 /* test3.swf in Resources */,
				45999B501AE3451800EA1BEC /* APPViewController.xib in Resources */,
				45999B451AE3451800EA1BEC /* Default-568h@2x.png in Resources */,
				458B4ED21B34B24B007CBDD2 /* test3.png in Resources */,
				458B4ED41B34B24B007CBDD2 /* test3.xml in Resources */,
			);
			runOnlyForDeploymentPostprocessing = 0;
		};
		45999B141AE344B100EA1BEC /* Resources */ = {
			isa = PBXResourcesBuildPhase;
			buildActionMask = 2147483647;
			files = (
			);
			runOnlyForDeploymentPostprocessing = 0;
		};
/* End PBXResourcesBuildPhase section */

/* Begin PBXShellScriptBuildPhase section */
		203CC15A60A73F18B421FAF6 /* Check Pods Manifest.lock */ = {
			isa = PBXShellScriptBuildPhase;
			buildActionMask = 2147483647;
			files = (
			);
			inputPaths = (
			);
			name = "Check Pods Manifest.lock";
			outputPaths = (
			);
			runOnlyForDeploymentPostprocessing = 0;
			shellPath = /bin/sh;
			shellScript = "diff \"${PODS_ROOT}/../Podfile.lock\" \"${PODS_ROOT}/Manifest.lock\" > /dev/null\nif [[ $? != 0 ]] ; then\n    cat << EOM\nerror: The sandbox is not in sync with the Podfile.lock. Run 'pod install' or update your CocoaPods installation.\nEOM\n    exit 1\nfi\n";
			showEnvVarsInLog = 0;
		};
		FA8696AEFA74DE150BBD0C1D /* Copy Pods Resources */ = {
			isa = PBXShellScriptBuildPhase;
			buildActionMask = 2147483647;
			files = (
			);
			inputPaths = (
			);
			name = "Copy Pods Resources";
			outputPaths = (
			);
			runOnlyForDeploymentPostprocessing = 0;
			shellPath = /bin/sh;
			shellScript = "\"${SRCROOT}/Pods/Target Support Files/Pods/Pods-resources.sh\"\n";
			showEnvVarsInLog = 0;
		};
/* End PBXShellScriptBuildPhase section */

/* Begin PBXSourcesBuildPhase section */
		45999AF91AE344B100EA1BEC /* Sources */ = {
			isa = PBXSourcesBuildPhase;
			buildActionMask = 2147483647;
			files = (
				458B4EF51B34C795007CBDD2 /* FLMPSPAtlas.m in Sources */,
				458B4EE61B34B26A007CBDD2 /* FLMPMovie.m in Sources */,
				458B4EE71B34B26A007CBDD2 /* FLMPTexture.m in Sources */,
				45999B4F1AE3451800EA1BEC /* APPViewController.m in Sources */,
				458B4EF21B34C03F007CBDD2 /* APPSparrowViewController.m in Sources */,
				458B4EF81B34CAB0007CBDD2 /* FLMPSPDisplayObject.m in Sources */,
				458B4EE51B34B26A007CBDD2 /* FLMPLayer.m in Sources */,
				45999B4E1AE3451800EA1BEC /* AppDelegate.m in Sources */,
				458B4EE21B34B26A007CBDD2 /* FLMPAtlas.m in Sources */,
				458B4EE31B34B26A007CBDD2 /* FLMPExport.m in Sources */,
				458B4EEC1B34B27D007CBDD2 /* FLMPView.m in Sources */,
				458B4EE41B34B26A007CBDD2 /* FLMPKeyframe.m in Sources */,
				45999B031AE344B100EA1BEC /* main.m in Sources */,
				458B4EEF1B34BC41007CBDD2 /* FLMPUIAtlas.m in Sources */,
			);
			runOnlyForDeploymentPostprocessing = 0;
		};
		45999B121AE344B100EA1BEC /* Sources */ = {
			isa = PBXSourcesBuildPhase;
			buildActionMask = 2147483647;
			files = (
				45999B1D1AE344B100EA1BEC /* FlumpExampleTests.m in Sources */,
			);
			runOnlyForDeploymentPostprocessing = 0;
		};
/* End PBXSourcesBuildPhase section */

/* Begin PBXTargetDependency section */
		45999B181AE344B100EA1BEC /* PBXTargetDependency */ = {
			isa = PBXTargetDependency;
			target = 45999AFC1AE344B100EA1BEC /* FlumpExample */;
			targetProxy = 45999B171AE344B100EA1BEC /* PBXContainerItemProxy */;
		};
/* End PBXTargetDependency section */

/* Begin XCBuildConfiguration section */
		45999B1E1AE344B100EA1BEC /* Debug */ = {
			isa = XCBuildConfiguration;
			buildSettings = {
				ALWAYS_SEARCH_USER_PATHS = NO;
				CLANG_CXX_LANGUAGE_STANDARD = "gnu++0x";
				CLANG_CXX_LIBRARY = "libc++";
				CLANG_ENABLE_MODULES = YES;
				CLANG_ENABLE_OBJC_ARC = YES;
				CLANG_WARN_BOOL_CONVERSION = YES;
				CLANG_WARN_CONSTANT_CONVERSION = YES;
				CLANG_WARN_DIRECT_OBJC_ISA_USAGE = YES_ERROR;
				CLANG_WARN_EMPTY_BODY = YES;
				CLANG_WARN_ENUM_CONVERSION = YES;
				CLANG_WARN_INT_CONVERSION = YES;
				CLANG_WARN_OBJC_ROOT_CLASS = YES_ERROR;
				CLANG_WARN_UNREACHABLE_CODE = YES;
				CLANG_WARN__DUPLICATE_METHOD_MATCH = YES;
				"CODE_SIGN_IDENTITY[sdk=iphoneos*]" = "iPhone Developer";
				COPY_PHASE_STRIP = NO;
				ENABLE_STRICT_OBJC_MSGSEND = YES;
				GCC_C_LANGUAGE_STANDARD = gnu99;
				GCC_DYNAMIC_NO_PIC = NO;
				GCC_OPTIMIZATION_LEVEL = 0;
				GCC_PREPROCESSOR_DEFINITIONS = (
					"DEBUG=1",
					"$(inherited)",
				);
				GCC_SYMBOLS_PRIVATE_EXTERN = NO;
				GCC_WARN_64_TO_32_BIT_CONVERSION = YES;
				GCC_WARN_ABOUT_RETURN_TYPE = YES_ERROR;
				GCC_WARN_UNDECLARED_SELECTOR = YES;
				GCC_WARN_UNINITIALIZED_AUTOS = YES_AGGRESSIVE;
				GCC_WARN_UNUSED_FUNCTION = YES;
				GCC_WARN_UNUSED_VARIABLE = YES;
				IPHONEOS_DEPLOYMENT_TARGET = 8.2;
				MTL_ENABLE_DEBUG_INFO = YES;
				ONLY_ACTIVE_ARCH = YES;
				SDKROOT = iphoneos;
				TARGETED_DEVICE_FAMILY = "1,2";
			};
			name = Debug;
		};
		45999B1F1AE344B100EA1BEC /* Release */ = {
			isa = XCBuildConfiguration;
			buildSettings = {
				ALWAYS_SEARCH_USER_PATHS = NO;
				CLANG_CXX_LANGUAGE_STANDARD = "gnu++0x";
				CLANG_CXX_LIBRARY = "libc++";
				CLANG_ENABLE_MODULES = YES;
				CLANG_ENABLE_OBJC_ARC = YES;
				CLANG_WARN_BOOL_CONVERSION = YES;
				CLANG_WARN_CONSTANT_CONVERSION = YES;
				CLANG_WARN_DIRECT_OBJC_ISA_USAGE = YES_ERROR;
				CLANG_WARN_EMPTY_BODY = YES;
				CLANG_WARN_ENUM_CONVERSION = YES;
				CLANG_WARN_INT_CONVERSION = YES;
				CLANG_WARN_OBJC_ROOT_CLASS = YES_ERROR;
				CLANG_WARN_UNREACHABLE_CODE = YES;
				CLANG_WARN__DUPLICATE_METHOD_MATCH = YES;
				"CODE_SIGN_IDENTITY[sdk=iphoneos*]" = "iPhone Developer";
				COPY_PHASE_STRIP = NO;
				ENABLE_NS_ASSERTIONS = NO;
				ENABLE_STRICT_OBJC_MSGSEND = YES;
				GCC_C_LANGUAGE_STANDARD = gnu99;
				GCC_WARN_64_TO_32_BIT_CONVERSION = YES;
				GCC_WARN_ABOUT_RETURN_TYPE = YES_ERROR;
				GCC_WARN_UNDECLARED_SELECTOR = YES;
				GCC_WARN_UNINITIALIZED_AUTOS = YES_AGGRESSIVE;
				GCC_WARN_UNUSED_FUNCTION = YES;
				GCC_WARN_UNUSED_VARIABLE = YES;
				IPHONEOS_DEPLOYMENT_TARGET = 8.2;
				MTL_ENABLE_DEBUG_INFO = NO;
				SDKROOT = iphoneos;
				TARGETED_DEVICE_FAMILY = "1,2";
				VALIDATE_PRODUCT = YES;
			};
			name = Release;
		};
		45999B211AE344B100EA1BEC /* Debug */ = {
			isa = XCBuildConfiguration;
			baseConfigurationReference = E77D52720C24D6B0D83EC266 /* Pods.debug.xcconfig */;
			buildSettings = {
				ASSETCATALOG_COMPILER_APPICON_NAME = AppIcon;
				HEADER_SEARCH_PATHS = (
					"$(inherited)",
					/Applications/Xcode.app/Contents/Developer/Toolchains/XcodeDefault.xctoolchain/usr/include,
				);
				INFOPLIST_FILE = FlumpExample/Info.plist;
				IPHONEOS_DEPLOYMENT_TARGET = 7.0;
				LD_RUNPATH_SEARCH_PATHS = "$(inherited) @executable_path/Frameworks";
				PRODUCT_NAME = "$(TARGET_NAME)";
				USER_HEADER_SEARCH_PATHS = "";
			};
			name = Debug;
		};
		45999B221AE344B100EA1BEC /* Release */ = {
			isa = XCBuildConfiguration;
			baseConfigurationReference = 5EC4A8794A44D4497BA70B48 /* Pods.release.xcconfig */;
			buildSettings = {
				ASSETCATALOG_COMPILER_APPICON_NAME = AppIcon;
				HEADER_SEARCH_PATHS = (
					"$(inherited)",
					/Applications/Xcode.app/Contents/Developer/Toolchains/XcodeDefault.xctoolchain/usr/include,
				);
				INFOPLIST_FILE = FlumpExample/Info.plist;
				IPHONEOS_DEPLOYMENT_TARGET = 7.0;
				LD_RUNPATH_SEARCH_PATHS = "$(inherited) @executable_path/Frameworks";
				PRODUCT_NAME = "$(TARGET_NAME)";
				USER_HEADER_SEARCH_PATHS = "";
			};
			name = Release;
		};
		45999B241AE344B100EA1BEC /* Debug */ = {
			isa = XCBuildConfiguration;
			buildSettings = {
				BUNDLE_LOADER = "$(TEST_HOST)";
				FRAMEWORK_SEARCH_PATHS = (
					"$(SDKROOT)/Developer/Library/Frameworks",
					"$(inherited)",
				);
				GCC_PREPROCESSOR_DEFINITIONS = (
					"DEBUG=1",
					"$(inherited)",
				);
				INFOPLIST_FILE = FlumpExampleTests/Info.plist;
				LD_RUNPATH_SEARCH_PATHS = "$(inherited) @executable_path/Frameworks @loader_path/Frameworks";
				PRODUCT_NAME = "$(TARGET_NAME)";
				TEST_HOST = "$(BUILT_PRODUCTS_DIR)/FlumpExample.app/FlumpExample";
			};
			name = Debug;
		};
		45999B251AE344B100EA1BEC /* Release */ = {
			isa = XCBuildConfiguration;
			buildSettings = {
				BUNDLE_LOADER = "$(TEST_HOST)";
				FRAMEWORK_SEARCH_PATHS = (
					"$(SDKROOT)/Developer/Library/Frameworks",
					"$(inherited)",
				);
				INFOPLIST_FILE = FlumpExampleTests/Info.plist;
				LD_RUNPATH_SEARCH_PATHS = "$(inherited) @executable_path/Frameworks @loader_path/Frameworks";
				PRODUCT_NAME = "$(TARGET_NAME)";
				TEST_HOST = "$(BUILT_PRODUCTS_DIR)/FlumpExample.app/FlumpExample";
			};
			name = Release;
		};
/* End XCBuildConfiguration section */

/* Begin XCConfigurationList section */
		45999AF81AE344B100EA1BEC /* Build configuration list for PBXProject "FlumpExample" */ = {
			isa = XCConfigurationList;
			buildConfigurations = (
				45999B1E1AE344B100EA1BEC /* Debug */,
				45999B1F1AE344B100EA1BEC /* Release */,
			);
			defaultConfigurationIsVisible = 0;
			defaultConfigurationName = Release;
		};
		45999B201AE344B100EA1BEC /* Build configuration list for PBXNativeTarget "FlumpExample" */ = {
			isa = XCConfigurationList;
			buildConfigurations = (
				45999B211AE344B100EA1BEC /* Debug */,
				45999B221AE344B100EA1BEC /* Release */,
			);
			defaultConfigurationIsVisible = 0;
			defaultConfigurationName = Release;
		};
		45999B231AE344B100EA1BEC /* Build configuration list for PBXNativeTarget "FlumpExampleTests" */ = {
			isa = XCConfigurationList;
			buildConfigurations = (
				45999B241AE344B100EA1BEC /* Debug */,
				45999B251AE344B100EA1BEC /* Release */,
			);
			defaultConfigurationIsVisible = 0;
			defaultConfigurationName = Release;
		};
/* End XCConfigurationList section */
	};
	rootObject = 45999AF51AE344B100EA1BEC /* Project object */;
}
